// !$*UTF8*$!
{
	archiveVersion = 1;
	classes = {
	};
	objectVersion = 48;
	objects = {

/* Begin PBXBuildFile section */
		EF1766CA203590ED000693DF /* Home.storyboard in Resources */ = {isa = PBXBuildFile; fileRef = EF1766C8203590ED000693DF /* Home.storyboard */; };
		EF1766CC2035DB85000693DF /* Favorites.storyboard in Resources */ = {isa = PBXBuildFile; fileRef = EF1766CB2035DB85000693DF /* Favorites.storyboard */; };
		EF1766CE2035E163000693DF /* HomeViewController.swift in Sources */ = {isa = PBXBuildFile; fileRef = EF1766CD2035E163000693DF /* HomeViewController.swift */; };
		EF3BC71120399E4500B1854B /* HomeTVC.swift in Sources */ = {isa = PBXBuildFile; fileRef = EF3BC71020399E4500B1854B /* HomeTVC.swift */; };
		EF3BC71320399EE100B1854B /* Cell.swift in Sources */ = {isa = PBXBuildFile; fileRef = EF3BC71220399EE100B1854B /* Cell.swift */; };
		EF3BC71620399F3E00B1854B /* HomeTVCell.swift in Sources */ = {isa = PBXBuildFile; fileRef = EF3BC71520399F3E00B1854B /* HomeTVCell.swift */; };
		EF61AC7D2039B05700F2887D /* HeaderSegment.swift in Sources */ = {isa = PBXBuildFile; fileRef = EF61AC7C2039B05700F2887D /* HeaderSegment.swift */; };
		EF61AC7F2039B06800F2887D /* HeaderSegment.xib in Resources */ = {isa = PBXBuildFile; fileRef = EF61AC7E2039B06800F2887D /* HeaderSegment.xib */; };
		EF61AC86203AE93800F2887D /* FreshVC.swift in Sources */ = {isa = PBXBuildFile; fileRef = EF61AC85203AE93800F2887D /* FreshVC.swift */; };
		EF61AC88203AE99D00F2887D /* FreshCVCell.swift in Sources */ = {isa = PBXBuildFile; fileRef = EF61AC87203AE99D00F2887D /* FreshCVCell.swift */; };
		EF61AC8A203AF25B00F2887D /* data.json in Resources */ = {isa = PBXBuildFile; fileRef = EF61AC89203AF25B00F2887D /* data.json */; };
		EF61AC8D203AF48700F2887D /* ShadowView.swift in Sources */ = {isa = PBXBuildFile; fileRef = EF61AC8C203AF48700F2887D /* ShadowView.swift */; };
		EFEFED502033F81B001BD137 /* AppDelegate.swift in Sources */ = {isa = PBXBuildFile; fileRef = EFEFED4F2033F81B001BD137 /* AppDelegate.swift */; };
		EFEFED522033F81B001BD137 /* ViewController.swift in Sources */ = {isa = PBXBuildFile; fileRef = EFEFED512033F81B001BD137 /* ViewController.swift */; };
		EFEFED552033F81B001BD137 /* Main.storyboard in Resources */ = {isa = PBXBuildFile; fileRef = EFEFED532033F81B001BD137 /* Main.storyboard */; };
		EFEFED5A2033F81B001BD137 /* Assets.xcassets in Resources */ = {isa = PBXBuildFile; fileRef = EFEFED592033F81B001BD137 /* Assets.xcassets */; };
		EFEFED5D2033F81B001BD137 /* LaunchScreen.storyboard in Resources */ = {isa = PBXBuildFile; fileRef = EFEFED5B2033F81B001BD137 /* LaunchScreen.storyboard */; };
		EFEFED672033F9F6001BD137 /* Drink.swift in Sources */ = {isa = PBXBuildFile; fileRef = EFEFED662033F9F6001BD137 /* Drink.swift */; };
		EFEFED6A2034094D001BD137 /* NetworkProcessor.swift in Sources */ = {isa = PBXBuildFile; fileRef = EFEFED692034094D001BD137 /* NetworkProcessor.swift */; };
		EFEFED6C2034096C001BD137 /* DrinksFetchService.swift in Sources */ = {isa = PBXBuildFile; fileRef = EFEFED6B2034096C001BD137 /* DrinksFetchService.swift */; };
		EFEFED6E2034099E001BD137 /* DrinksResponse.swift in Sources */ = {isa = PBXBuildFile; fileRef = EFEFED6D2034099E001BD137 /* DrinksResponse.swift */; };
/* End PBXBuildFile section */

/* Begin PBXFileReference section */
		EF1766C9203590ED000693DF /* Base */ = {isa = PBXFileReference; lastKnownFileType = file.storyboard; name = Base; path = Liq/Storyboards/Base.lproj/Home.storyboard; sourceTree = "<group>"; };
		EF1766CB2035DB85000693DF /* Favorites.storyboard */ = {isa = PBXFileReference; fileEncoding = 4; lastKnownFileType = file.storyboard; path = Favorites.storyboard; sourceTree = "<group>"; };
		EF1766CD2035E163000693DF /* HomeViewController.swift */ = {isa = PBXFileReference; lastKnownFileType = sourcecode.swift; path = HomeViewController.swift; sourceTree = "<group>"; };
		EF3BC71020399E4500B1854B /* HomeTVC.swift */ = {isa = PBXFileReference; lastKnownFileType = sourcecode.swift; path = HomeTVC.swift; sourceTree = "<group>"; };
		EF3BC71220399EE100B1854B /* Cell.swift */ = {isa = PBXFileReference; lastKnownFileType = sourcecode.swift; path = Cell.swift; sourceTree = "<group>"; };
		EF3BC71520399F3E00B1854B /* HomeTVCell.swift */ = {isa = PBXFileReference; lastKnownFileType = sourcecode.swift; path = HomeTVCell.swift; sourceTree = "<group>"; };
		EF61AC7C2039B05700F2887D /* HeaderSegment.swift */ = {isa = PBXFileReference; lastKnownFileType = sourcecode.swift; path = HeaderSegment.swift; sourceTree = "<group>"; };
		EF61AC7E2039B06800F2887D /* HeaderSegment.xib */ = {isa = PBXFileReference; lastKnownFileType = file.xib; path = HeaderSegment.xib; sourceTree = "<group>"; };
		EF61AC85203AE93800F2887D /* FreshVC.swift */ = {isa = PBXFileReference; lastKnownFileType = sourcecode.swift; path = FreshVC.swift; sourceTree = "<group>"; };
		EF61AC87203AE99D00F2887D /* FreshCVCell.swift */ = {isa = PBXFileReference; lastKnownFileType = sourcecode.swift; path = FreshCVCell.swift; sourceTree = "<group>"; };
		EF61AC89203AF25B00F2887D /* data.json */ = {isa = PBXFileReference; fileEncoding = 4; lastKnownFileType = text.json; path = data.json; sourceTree = "<group>"; };
		EF61AC8C203AF48700F2887D /* ShadowView.swift */ = {isa = PBXFileReference; lastKnownFileType = sourcecode.swift; path = ShadowView.swift; sourceTree = "<group>"; };
		EFEFED4C2033F81B001BD137 /* Liq.app */ = {isa = PBXFileReference; explicitFileType = wrapper.application; includeInIndex = 0; path = Liq.app; sourceTree = BUILT_PRODUCTS_DIR; };
		EFEFED4F2033F81B001BD137 /* AppDelegate.swift */ = {isa = PBXFileReference; lastKnownFileType = sourcecode.swift; path = AppDelegate.swift; sourceTree = "<group>"; };
		EFEFED512033F81B001BD137 /* ViewController.swift */ = {isa = PBXFileReference; lastKnownFileType = sourcecode.swift; path = ViewController.swift; sourceTree = "<group>"; };
		EFEFED542033F81B001BD137 /* Base */ = {isa = PBXFileReference; lastKnownFileType = file.storyboard; name = Base; path = Base.lproj/Main.storyboard; sourceTree = "<group>"; };
		EFEFED592033F81B001BD137 /* Assets.xcassets */ = {isa = PBXFileReference; lastKnownFileType = folder.assetcatalog; path = Assets.xcassets; sourceTree = "<group>"; };
		EFEFED5C2033F81B001BD137 /* Base */ = {isa = PBXFileReference; lastKnownFileType = file.storyboard; name = Base; path = Base.lproj/LaunchScreen.storyboard; sourceTree = "<group>"; };
		EFEFED5E2033F81B001BD137 /* Info.plist */ = {isa = PBXFileReference; lastKnownFileType = text.plist.xml; path = Info.plist; sourceTree = "<group>"; };
		EFEFED662033F9F6001BD137 /* Drink.swift */ = {isa = PBXFileReference; lastKnownFileType = sourcecode.swift; path = Drink.swift; sourceTree = "<group>"; };
		EFEFED692034094D001BD137 /* NetworkProcessor.swift */ = {isa = PBXFileReference; lastKnownFileType = sourcecode.swift; path = NetworkProcessor.swift; sourceTree = "<group>"; };
		EFEFED6B2034096C001BD137 /* DrinksFetchService.swift */ = {isa = PBXFileReference; lastKnownFileType = sourcecode.swift; path = DrinksFetchService.swift; sourceTree = "<group>"; };
		EFEFED6D2034099E001BD137 /* DrinksResponse.swift */ = {isa = PBXFileReference; lastKnownFileType = sourcecode.swift; path = DrinksResponse.swift; sourceTree = "<group>"; };
/* End PBXFileReference section */

/* Begin PBXFrameworksBuildPhase section */
		EFEFED492033F81B001BD137 /* Frameworks */ = {
			isa = PBXFrameworksBuildPhase;
			buildActionMask = 2147483647;
			files = (
			);
			runOnlyForDeploymentPostprocessing = 0;
		};
/* End PBXFrameworksBuildPhase section */

/* Begin PBXGroup section */
		EF1766C420357B6B000693DF /* Storyboards */ = {
			isa = PBXGroup;
			children = (
				EFEFED532033F81B001BD137 /* Main.storyboard */,
				EF1766C8203590ED000693DF /* Home.storyboard */,
				EF1766CB2035DB85000693DF /* Favorites.storyboard */,
			);
			path = Storyboards;
			sourceTree = "<group>";
		};
		EF1766C520357CE3000693DF /* Home */ = {
			isa = PBXGroup;
			children = (
				EF1766CD2035E163000693DF /* HomeViewController.swift */,
				EF3BC71520399F3E00B1854B /* HomeTVCell.swift */,
				EF3BC71020399E4500B1854B /* HomeTVC.swift */,
				EF61AC7C2039B05700F2887D /* HeaderSegment.swift */,
				EF61AC7E2039B06800F2887D /* HeaderSegment.xib */,
			);
			path = Home;
			sourceTree = "<group>";
		};
		EF3BC71420399F1000B1854B /* Enumerations */ = {
			isa = PBXGroup;
			children = (
				EF3BC71220399EE100B1854B /* Cell.swift */,
			);
			path = Enumerations;
			sourceTree = "<group>";
		};
		EF61AC802039C86C00F2887D /* Fresh */ = {
			isa = PBXGroup;
			children = (
				EF61AC85203AE93800F2887D /* FreshVC.swift */,
				EF61AC87203AE99D00F2887D /* FreshCVCell.swift */,
			);
			path = Fresh;
			sourceTree = "<group>";
		};
		EF61AC8B203AF46C00F2887D /* Custom */ = {
			isa = PBXGroup;
			children = (
				EF61AC8C203AF48700F2887D /* ShadowView.swift */,
			);
			path = Custom;
			sourceTree = "<group>";
		};
		EFEFED432033F81B001BD137 = {
			isa = PBXGroup;
			children = (
				EFEFED4E2033F81B001BD137 /* Liq */,
				EFEFED4D2033F81B001BD137 /* Products */,
			);
			sourceTree = "<group>";
		};
		EFEFED4D2033F81B001BD137 /* Products */ = {
			isa = PBXGroup;
			children = (
				EFEFED4C2033F81B001BD137 /* Liq.app */,
			);
			name = Products;
			sourceTree = "<group>";
		};
		EFEFED4E2033F81B001BD137 /* Liq */ = {
			isa = PBXGroup;
			children = (
				EF1766C420357B6B000693DF /* Storyboards */,
				EF1766C520357CE3000693DF /* Home */,
				EF61AC802039C86C00F2887D /* Fresh */,
				EFEFED642033F929001BD137 /* Model */,
				EFEFED4F2033F81B001BD137 /* AppDelegate.swift */,
				EFEFED512033F81B001BD137 /* ViewController.swift */,
				EF61AC8B203AF46C00F2887D /* Custom */,
				EFEFED592033F81B001BD137 /* Assets.xcassets */,
				EFEFED5B2033F81B001BD137 /* LaunchScreen.storyboard */,
				EFEFED5E2033F81B001BD137 /* Info.plist */,
				EFEFED682034091D001BD137 /* Network */,
			);
			path = Liq;
			sourceTree = "<group>";
		};
		EFEFED642033F929001BD137 /* Model */ = {
			isa = PBXGroup;
			children = (
				EF61AC89203AF25B00F2887D /* data.json */,
				EF3BC71420399F1000B1854B /* Enumerations */,
				EFEFED652033F951001BD137 /* API */,
			);
			path = Model;
			sourceTree = "<group>";
		};
		EFEFED652033F951001BD137 /* API */ = {
			isa = PBXGroup;
			children = (
				EFEFED662033F9F6001BD137 /* Drink.swift */,
				EFEFED6D2034099E001BD137 /* DrinksResponse.swift */,
			);
			path = API;
			sourceTree = "<group>";
		};
		EFEFED682034091D001BD137 /* Network */ = {
			isa = PBXGroup;
			children = (
				EFEFED692034094D001BD137 /* NetworkProcessor.swift */,
				EFEFED6B2034096C001BD137 /* DrinksFetchService.swift */,
			);
			path = Network;
			sourceTree = "<group>";
		};
/* End PBXGroup section */

/* Begin PBXNativeTarget section */
		EFEFED4B2033F81B001BD137 /* Liq */ = {
			isa = PBXNativeTarget;
			buildConfigurationList = EFEFED612033F81B001BD137 /* Build configuration list for PBXNativeTarget "Liq" */;
			buildPhases = (
				EFEFED482033F81B001BD137 /* Sources */,
				EFEFED492033F81B001BD137 /* Frameworks */,
				EFEFED4A2033F81B001BD137 /* Resources */,
			);
			buildRules = (
			);
			dependencies = (
			);
			name = Liq;
			productName = Liq;
			productReference = EFEFED4C2033F81B001BD137 /* Liq.app */;
			productType = "com.apple.product-type.application";
		};
/* End PBXNativeTarget section */

/* Begin PBXProject section */
		EFEFED442033F81B001BD137 /* Project object */ = {
			isa = PBXProject;
			attributes = {
				LastSwiftUpdateCheck = 0920;
				LastUpgradeCheck = 0920;
				ORGANIZATIONNAME = "Chidi Emeh";
				TargetAttributes = {
					EFEFED4B2033F81B001BD137 = {
						CreatedOnToolsVersion = 9.2;
						ProvisioningStyle = Automatic;
					};
				};
			};
			buildConfigurationList = EFEFED472033F81B001BD137 /* Build configuration list for PBXProject "Liq" */;
			compatibilityVersion = "Xcode 8.0";
			developmentRegion = en;
			hasScannedForEncodings = 0;
			knownRegions = (
				en,
				Base,
			);
			mainGroup = EFEFED432033F81B001BD137;
			productRefGroup = EFEFED4D2033F81B001BD137 /* Products */;
			projectDirPath = "";
			projectRoot = "";
			targets = (
				EFEFED4B2033F81B001BD137 /* Liq */,
			);
		};
/* End PBXProject section */

/* Begin PBXResourcesBuildPhase section */
		EFEFED4A2033F81B001BD137 /* Resources */ = {
			isa = PBXResourcesBuildPhase;
			buildActionMask = 2147483647;
			files = (
				EFEFED5D2033F81B001BD137 /* LaunchScreen.storyboard in Resources */,
				EF61AC8A203AF25B00F2887D /* data.json in Resources */,
				EFEFED5A2033F81B001BD137 /* Assets.xcassets in Resources */,
				EFEFED552033F81B001BD137 /* Main.storyboard in Resources */,
				EF1766CA203590ED000693DF /* Home.storyboard in Resources */,
				EF61AC7F2039B06800F2887D /* HeaderSegment.xib in Resources */,
				EF1766CC2035DB85000693DF /* Favorites.storyboard in Resources */,
			);
			runOnlyForDeploymentPostprocessing = 0;
		};
/* End PBXResourcesBuildPhase section */

/* Begin PBXSourcesBuildPhase section */
		EFEFED482033F81B001BD137 /* Sources */ = {
			isa = PBXSourcesBuildPhase;
			buildActionMask = 2147483647;
			files = (
				EFEFED6E2034099E001BD137 /* DrinksResponse.swift in Sources */,
				EFEFED6C2034096C001BD137 /* DrinksFetchService.swift in Sources */,
				EF3BC71620399F3E00B1854B /* HomeTVCell.swift in Sources */,
				EFEFED522033F81B001BD137 /* ViewController.swift in Sources */,
				EFEFED672033F9F6001BD137 /* Drink.swift in Sources */,
				EF61AC88203AE99D00F2887D /* FreshCVCell.swift in Sources */,
				EF61AC8D203AF48700F2887D /* ShadowView.swift in Sources */,
				EFEFED502033F81B001BD137 /* AppDelegate.swift in Sources */,
				EF61AC7D2039B05700F2887D /* HeaderSegment.swift in Sources */,
				EF3BC71320399EE100B1854B /* Cell.swift in Sources */,
				EF1766CE2035E163000693DF /* HomeViewController.swift in Sources */,
				EF61AC86203AE93800F2887D /* FreshVC.swift in Sources */,
				EF3BC71120399E4500B1854B /* HomeTVC.swift in Sources */,
				EFEFED6A2034094D001BD137 /* NetworkProcessor.swift in Sources */,
			);
			runOnlyForDeploymentPostprocessing = 0;
		};
/* End PBXSourcesBuildPhase section */

/* Begin PBXVariantGroup section */
		EF1766C8203590ED000693DF /* Home.storyboard */ = {
			isa = PBXVariantGroup;
			children = (
				EF1766C9203590ED000693DF /* Base */,
			);
			name = Home.storyboard;
			sourceTree = "<group>";
		};
		EFEFED532033F81B001BD137 /* Main.storyboard */ = {
			isa = PBXVariantGroup;
			children = (
				EFEFED542033F81B001BD137 /* Base */,
			);
			name = Main.storyboard;
			sourceTree = "<group>";
		};
		EFEFED5B2033F81B001BD137 /* LaunchScreen.storyboard */ = {
			isa = PBXVariantGroup;
			children = (
				EFEFED5C2033F81B001BD137 /* Base */,
			);
			name = LaunchScreen.storyboard;
			sourceTree = "<group>";
		};
/* End PBXVariantGroup section */

/* Begin XCBuildConfiguration section */
		EFEFED5F2033F81B001BD137 /* Debug */ = {
			isa = XCBuildConfiguration;
			buildSettings = {
				ALWAYS_SEARCH_USER_PATHS = NO;
				CLANG_ANALYZER_NONNULL = YES;
				CLANG_ANALYZER_NUMBER_OBJECT_CONVERSION = YES_AGGRESSIVE;
				CLANG_CXX_LANGUAGE_STANDARD = "gnu++14";
				CLANG_CXX_LIBRARY = "libc++";
				CLANG_ENABLE_MODULES = YES;
				CLANG_ENABLE_OBJC_ARC = YES;
				CLANG_WARN_BLOCK_CAPTURE_AUTORELEASING = YES;
				CLANG_WARN_BOOL_CONVERSION = YES;
				CLANG_WARN_COMMA = YES;
				CLANG_WARN_CONSTANT_CONVERSION = YES;
				CLANG_WARN_DIRECT_OBJC_ISA_USAGE = YES_ERROR;
				CLANG_WARN_DOCUMENTATION_COMMENTS = YES;
				CLANG_WARN_EMPTY_BODY = YES;
				CLANG_WARN_ENUM_CONVERSION = YES;
				CLANG_WARN_INFINITE_RECURSION = YES;
				CLANG_WARN_INT_CONVERSION = YES;
				CLANG_WARN_NON_LITERAL_NULL_CONVERSION = YES;
				CLANG_WARN_OBJC_LITERAL_CONVERSION = YES;
				CLANG_WARN_OBJC_ROOT_CLASS = YES_ERROR;
				CLANG_WARN_RANGE_LOOP_ANALYSIS = YES;
				CLANG_WARN_STRICT_PROTOTYPES = YES;
				CLANG_WARN_SUSPICIOUS_MOVE = YES;
				CLANG_WARN_UNGUARDED_AVAILABILITY = YES_AGGRESSIVE;
				CLANG_WARN_UNREACHABLE_CODE = YES;
				CLANG_WARN__DUPLICATE_METHOD_MATCH = YES;
				CODE_SIGN_IDENTITY = "iPhone Developer";
				COPY_PHASE_STRIP = NO;
				DEBUG_INFORMATION_FORMAT = dwarf;
				ENABLE_STRICT_OBJC_MSGSEND = YES;
				ENABLE_TESTABILITY = YES;
				GCC_C_LANGUAGE_STANDARD = gnu11;
				GCC_DYNAMIC_NO_PIC = NO;
				GCC_NO_COMMON_BLOCKS = YES;
				GCC_OPTIMIZATION_LEVEL = 0;
				GCC_PREPROCESSOR_DEFINITIONS = (
					"DEBUG=1",
					"$(inherited)",
				);
				GCC_WARN_64_TO_32_BIT_CONVERSION = YES;
				GCC_WARN_ABOUT_RETURN_TYPE = YES_ERROR;
				GCC_WARN_UNDECLARED_SELECTOR = YES;
				GCC_WARN_UNINITIALIZED_AUTOS = YES_AGGRESSIVE;
				GCC_WARN_UNUSED_FUNCTION = YES;
				GCC_WARN_UNUSED_VARIABLE = YES;
				IPHONEOS_DEPLOYMENT_TARGET = 11.2;
				MTL_ENABLE_DEBUG_INFO = YES;
				ONLY_ACTIVE_ARCH = YES;
				SDKROOT = iphoneos;
				SWIFT_ACTIVE_COMPILATION_CONDITIONS = DEBUG;
				SWIFT_OPTIMIZATION_LEVEL = "-Onone";
			};
			name = Debug;
		};
		EFEFED602033F81B001BD137 /* Release */ = {
			isa = XCBuildConfiguration;
			buildSettings = {
				ALWAYS_SEARCH_USER_PATHS = NO;
				CLANG_ANALYZER_NONNULL = YES;
				CLANG_ANALYZER_NUMBER_OBJECT_CONVERSION = YES_AGGRESSIVE;
				CLANG_CXX_LANGUAGE_STANDARD = "gnu++14";
				CLANG_CXX_LIBRARY = "libc++";
				CLANG_ENABLE_MODULES = YES;
				CLANG_ENABLE_OBJC_ARC = YES;
				CLANG_WARN_BLOCK_CAPTURE_AUTORELEASING = YES;
				CLANG_WARN_BOOL_CONVERSION = YES;
				CLANG_WARN_COMMA = YES;
				CLANG_WARN_CONSTANT_CONVERSION = YES;
				CLANG_WARN_DIRECT_OBJC_ISA_USAGE = YES_ERROR;
				CLANG_WARN_DOCUMENTATION_COMMENTS = YES;
				CLANG_WARN_EMPTY_BODY = YES;
				CLANG_WARN_ENUM_CONVERSION = YES;
				CLANG_WARN_INFINITE_RECURSION = YES;
				CLANG_WARN_INT_CONVERSION = YES;
				CLANG_WARN_NON_LITERAL_NULL_CONVERSION = YES;
				CLANG_WARN_OBJC_LITERAL_CONVERSION = YES;
				CLANG_WARN_OBJC_ROOT_CLASS = YES_ERROR;
				CLANG_WARN_RANGE_LOOP_ANALYSIS = YES;
				CLANG_WARN_STRICT_PROTOTYPES = YES;
				CLANG_WARN_SUSPICIOUS_MOVE = YES;
				CLANG_WARN_UNGUARDED_AVAILABILITY = YES_AGGRESSIVE;
				CLANG_WARN_UNREACHABLE_CODE = YES;
				CLANG_WARN__DUPLICATE_METHOD_MATCH = YES;
				CODE_SIGN_IDENTITY = "iPhone Developer";
				COPY_PHASE_STRIP = NO;
				DEBUG_INFORMATION_FORMAT = "dwarf-with-dsym";
				ENABLE_NS_ASSERTIONS = NO;
				ENABLE_STRICT_OBJC_MSGSEND = YES;
				GCC_C_LANGUAGE_STANDARD = gnu11;
				GCC_NO_COMMON_BLOCKS = YES;
				GCC_WARN_64_TO_32_BIT_CONVERSION = YES;
				GCC_WARN_ABOUT_RETURN_TYPE = YES_ERROR;
				GCC_WARN_UNDECLARED_SELECTOR = YES;
				GCC_WARN_UNINITIALIZED_AUTOS = YES_AGGRESSIVE;
				GCC_WARN_UNUSED_FUNCTION = YES;
				GCC_WARN_UNUSED_VARIABLE = YES;
				IPHONEOS_DEPLOYMENT_TARGET = 11.2;
				MTL_ENABLE_DEBUG_INFO = NO;
				SDKROOT = iphoneos;
				SWIFT_OPTIMIZATION_LEVEL = "-Owholemodule";
				VALIDATE_PRODUCT = YES;
			};
			name = Release;
		};
		EFEFED622033F81B001BD137 /* Debug */ = {
			isa = XCBuildConfiguration;
			buildSettings = {
				ASSETCATALOG_COMPILER_APPICON_NAME = AppIcon;
				CODE_SIGN_STYLE = Automatic;
				DEVELOPMENT_TEAM = 8V82X98L5Q;
				INFOPLIST_FILE = Liq/Info.plist;
				LD_RUNPATH_SEARCH_PATHS = "$(inherited) @executable_path/Frameworks";
				PRODUCT_BUNDLE_IDENTIFIER = com.gmail.chidiemeh184.Liq;
				PRODUCT_NAME = "$(TARGET_NAME)";
				SWIFT_VERSION = 4.0;
				TARGETED_DEVICE_FAMILY = "1,2";
			};
			name = Debug;
		};
		EFEFED632033F81B001BD137 /* Release */ = {
			isa = XCBuildConfiguration;
			buildSettings = {
				ASSETCATALOG_COMPILER_APPICON_NAME = AppIcon;
				CODE_SIGN_STYLE = Automatic;
				DEVELOPMENT_TEAM = 8V82X98L5Q;
				INFOPLIST_FILE = Liq/Info.plist;
				LD_RUNPATH_SEARCH_PATHS = "$(inherited) @executable_path/Frameworks";
				PRODUCT_BUNDLE_IDENTIFIER = com.gmail.chidiemeh184.Liq;
				PRODUCT_NAME = "$(TARGET_NAME)";
				SWIFT_VERSION = 4.0;
				TARGETED_DEVICE_FAMILY = "1,2";
			};
			name = Release;
		};
/* End XCBuildConfiguration section */

/* Begin XCConfigurationList section */
		EFEFED472033F81B001BD137 /* Build configuration list for PBXProject "Liq" */ = {
			isa = XCConfigurationList;
			buildConfigurations = (
				EFEFED5F2033F81B001BD137 /* Debug */,
				EFEFED602033F81B001BD137 /* Release */,
			);
			defaultConfigurationIsVisible = 0;
			defaultConfigurationName = Release;
		};
		EFEFED612033F81B001BD137 /* Build configuration list for PBXNativeTarget "Liq" */ = {
			isa = XCConfigurationList;
			buildConfigurations = (
				EFEFED622033F81B001BD137 /* Debug */,
				EFEFED632033F81B001BD137 /* Release */,
			);
			defaultConfigurationIsVisible = 0;
			defaultConfigurationName = Release;
		};
/* End XCConfigurationList section */
	};
	rootObject = EFEFED442033F81B001BD137 /* Project object */;
}
